
Microsoft Visual Studio Solution File, Format Version 12.00
# Visual Studio 15
VisualStudioVersion = 15.0.27428.2037
MinimumVisualStudioVersion = 10.0.40219.1
Project("{2150E333-8FDC-42A3-9474-1A3956D46DE8}") = "build", "build", "{7742BAC0-4468-447F-930B-D263C60CBB56}"
	ProjectSection(SolutionItems) = preProject
		build\build.ps1 = build\build.ps1
		build\build.sh = build\build.sh
		build\cibuild.cmd = build\cibuild.cmd
		build\cibuild.sh = build\cibuild.sh
		build\NuGet.props = build\NuGet.props
		build\SignToolData.json = build\SignToolData.json
		build\Toolset.proj = build\Toolset.proj
		build\Versions.props = build\Versions.props
	EndProjectSection
EndProject
Project("{2150E333-8FDC-42A3-9474-1A3956D46DE8}") = "Solution Items", "Solution Items", "{5BBF2B6C-2655-4B53-A3FA-21A901662C0D}"
	ProjectSection(SolutionItems) = preProject
		.editorconfig = .editorconfig
		.gitattributes = .gitattributes
		.gitignore = .gitignore
		build.cmd = build.cmd
		build.sh = build.sh
		Directory.Build.props = Directory.Build.props
		Directory.Build.rsp = Directory.Build.rsp
		Directory.Build.targets = Directory.Build.targets
		LICENSE.md = LICENSE.md
		README.md = README.md
		restore.cmd = restore.cmd
		restore.sh = restore.sh
		test.cmd = test.cmd
		test.sh = test.sh
	EndProjectSection
EndProject
Project("{2150E333-8FDC-42A3-9474-1A3956D46DE8}") = "src", "src", "{E5B1EC71-0FC4-4FAA-9C65-32D5016FBC45}"
	ProjectSection(SolutionItems) = preProject
		src\Directory.Build.props = src\Directory.Build.props
		src\Directory.Build.targets = src\Directory.Build.targets
	EndProjectSection
EndProject
Project("{9A19103F-16F7-4668-BE54-9A1E7A4F7556}") = "System.CommandLine", "src\System.CommandLine\System.CommandLine.csproj", "{0BE8E56E-7580-4526-BE24-D304E1779724}"
EndProject
Project("{9A19103F-16F7-4668-BE54-9A1E7A4F7556}") = "System.CommandLine.Tests", "src\System.CommandLine.Tests\System.CommandLine.Tests.csproj", "{F843CCCA-4CC9-422C-A881-3AE6A998B53F}"
EndProject
Global
	GlobalSection(SolutionConfigurationPlatforms) = preSolution
		Debug|Any CPU = Debug|Any CPU
		Release|Any CPU = Release|Any CPU
	EndGlobalSection
	GlobalSection(ProjectConfigurationPlatforms) = postSolution
		{0BE8E56E-7580-4526-BE24-D304E1779724}.Debug|Any CPU.ActiveCfg = Debug|Any CPU
		{0BE8E56E-7580-4526-BE24-D304E1779724}.Debug|Any CPU.Build.0 = Debug|Any CPU
		{0BE8E56E-7580-4526-BE24-D304E1779724}.Release|Any CPU.ActiveCfg = Release|Any CPU
		{0BE8E56E-7580-4526-BE24-D304E1779724}.Release|Any CPU.Build.0 = Release|Any CPU
		{F843CCCA-4CC9-422C-A881-3AE6A998B53F}.Debug|Any CPU.ActiveCfg = Debug|Any CPU
		{F843CCCA-4CC9-422C-A881-3AE6A998B53F}.Debug|Any CPU.Build.0 = Debug|Any CPU
		{F843CCCA-4CC9-422C-A881-3AE6A998B53F}.Release|Any CPU.ActiveCfg = Release|Any CPU
		{F843CCCA-4CC9-422C-A881-3AE6A998B53F}.Release|Any CPU.Build.0 = Release|Any CPU
	EndGlobalSection
	GlobalSection(SolutionProperties) = preSolution
		HideSolutionNode = FALSE
	EndGlobalSection
	GlobalSection(NestedProjects) = preSolution
		{0BE8E56E-7580-4526-BE24-D304E1779724} = {E5B1EC71-0FC4-4FAA-9C65-32D5016FBC45}
		{F843CCCA-4CC9-422C-A881-3AE6A998B53F} = {E5B1EC71-0FC4-4FAA-9C65-32D5016FBC45}
	EndGlobalSection
	GlobalSection(ExtensibilityGlobals) = postSolution
		SolutionGuid = {5C159F93-800B-49E7-9905-EE09F8B8434A}
	EndGlobalSection
EndGlobal
