
Microsoft Visual Studio Solution File, Format Version 12.00
# Visual Studio Version 17
VisualStudioVersion = 17.0.31714.462
MinimumVisualStudioVersion = 10.0.40219.1
Project("{2150E333-8FDC-42A3-9474-1A3956D46DE8}") = "Solution Items", "Solution Items", "{5BBF2B6C-2655-4B53-A3FA-21A901662C0D}"
	ProjectSection(SolutionItems) = preProject
		.editorconfig = .editorconfig
		.gitattributes = .gitattributes
		.gitignore = .gitignore
		build.cmd = build.cmd
		build.sh = build.sh
		Directory.Build.props = Directory.Build.props
		Directory.Build.rsp = Directory.Build.rsp
		Directory.Build.targets = Directory.Build.targets
		global.json = global.json
		LICENSE.md = LICENSE.md
		README.md = README.md
		restore.cmd = restore.cmd
		restore.sh = restore.sh
		test.cmd = test.cmd
		test.sh = test.sh
	EndProjectSection
EndProject
Project("{2150E333-8FDC-42A3-9474-1A3956D46DE8}") = "src", "src", "{E5B1EC71-0FC4-4FAA-9C65-32D5016FBC45}"
	ProjectSection(SolutionItems) = preProject
		src\Directory.Build.props = src\Directory.Build.props
		src\Directory.Build.targets = src\Directory.Build.targets
	EndProjectSection
EndProject
Project("{9A19103F-16F7-4668-BE54-9A1E7A4F7556}") = "System.CommandLine", "src\System.CommandLine\System.CommandLine.csproj", "{0BE8E56E-7580-4526-BE24-D304E1779724}"
EndProject
Project("{2150E333-8FDC-42A3-9474-1A3956D46DE8}") = "samples", "samples", "{6749FB3E-39DE-4321-A39E-525278E9408D}"
EndProject
Project("{9A19103F-16F7-4668-BE54-9A1E7A4F7556}") = "System.CommandLine.DragonFruit", "src\System.CommandLine.DragonFruit\System.CommandLine.DragonFruit.csproj", "{EEC30462-078F-45EB-AA70-12E3170CD51E}"
EndProject
Project("{9A19103F-16F7-4668-BE54-9A1E7A4F7556}") = "System.CommandLine.Rendering", "src\System.CommandLine.Rendering\System.CommandLine.Rendering.csproj", "{27E3BFFC-4412-4E4C-A656-B9D35B8A0F3E}"
EndProject
Project("{9A19103F-16F7-4668-BE54-9A1E7A4F7556}") = "System.CommandLine.Hosting", "src\System.CommandLine.Hosting\System.CommandLine.Hosting.csproj", "{644C4B4A-4A32-4307-9F71-C3BF901FFB66}"
EndProject
Global
	GlobalSection(SolutionConfigurationPlatforms) = preSolution
		Debug|Any CPU = Debug|Any CPU
		Debug|x64 = Debug|x64
		Debug|x86 = Debug|x86
		Release|Any CPU = Release|Any CPU
		Release|x64 = Release|x64
		Release|x86 = Release|x86
	EndGlobalSection
	GlobalSection(ProjectConfigurationPlatforms) = postSolution
		{0BE8E56E-7580-4526-BE24-D304E1779724}.Debug|Any CPU.ActiveCfg = Debug|Any CPU
		{0BE8E56E-7580-4526-BE24-D304E1779724}.Debug|Any CPU.Build.0 = Debug|Any CPU
		{0BE8E56E-7580-4526-BE24-D304E1779724}.Debug|x64.ActiveCfg = Debug|Any CPU
		{0BE8E56E-7580-4526-BE24-D304E1779724}.Debug|x64.Build.0 = Debug|Any CPU
		{0BE8E56E-7580-4526-BE24-D304E1779724}.Debug|x86.ActiveCfg = Debug|Any CPU
		{0BE8E56E-7580-4526-BE24-D304E1779724}.Debug|x86.Build.0 = Debug|Any CPU
		{0BE8E56E-7580-4526-BE24-D304E1779724}.Release|Any CPU.ActiveCfg = Release|Any CPU
		{0BE8E56E-7580-4526-BE24-D304E1779724}.Release|Any CPU.Build.0 = Release|Any CPU
		{0BE8E56E-7580-4526-BE24-D304E1779724}.Release|x64.ActiveCfg = Release|Any CPU
		{0BE8E56E-7580-4526-BE24-D304E1779724}.Release|x64.Build.0 = Release|Any CPU
		{0BE8E56E-7580-4526-BE24-D304E1779724}.Release|x86.ActiveCfg = Release|Any CPU
		{0BE8E56E-7580-4526-BE24-D304E1779724}.Release|x86.Build.0 = Release|Any CPU
		{EEC30462-078F-45EB-AA70-12E3170CD51E}.Debug|Any CPU.ActiveCfg = Debug|Any CPU
		{EEC30462-078F-45EB-AA70-12E3170CD51E}.Debug|Any CPU.Build.0 = Debug|Any CPU
		{EEC30462-078F-45EB-AA70-12E3170CD51E}.Debug|x64.ActiveCfg = Debug|Any CPU
		{EEC30462-078F-45EB-AA70-12E3170CD51E}.Debug|x64.Build.0 = Debug|Any CPU
		{EEC30462-078F-45EB-AA70-12E3170CD51E}.Debug|x86.ActiveCfg = Debug|Any CPU
		{EEC30462-078F-45EB-AA70-12E3170CD51E}.Debug|x86.Build.0 = Debug|Any CPU
		{EEC30462-078F-45EB-AA70-12E3170CD51E}.Release|Any CPU.ActiveCfg = Release|Any CPU
		{EEC30462-078F-45EB-AA70-12E3170CD51E}.Release|Any CPU.Build.0 = Release|Any CPU
		{EEC30462-078F-45EB-AA70-12E3170CD51E}.Release|x64.ActiveCfg = Release|Any CPU
		{EEC30462-078F-45EB-AA70-12E3170CD51E}.Release|x64.Build.0 = Release|Any CPU
		{EEC30462-078F-45EB-AA70-12E3170CD51E}.Release|x86.ActiveCfg = Release|Any CPU
		{EEC30462-078F-45EB-AA70-12E3170CD51E}.Release|x86.Build.0 = Release|Any CPU
		{27E3BFFC-4412-4E4C-A656-B9D35B8A0F3E}.Debug|Any CPU.ActiveCfg = Debug|Any CPU
		{27E3BFFC-4412-4E4C-A656-B9D35B8A0F3E}.Debug|Any CPU.Build.0 = Debug|Any CPU
		{27E3BFFC-4412-4E4C-A656-B9D35B8A0F3E}.Debug|x64.ActiveCfg = Debug|Any CPU
		{27E3BFFC-4412-4E4C-A656-B9D35B8A0F3E}.Debug|x64.Build.0 = Debug|Any CPU
		{27E3BFFC-4412-4E4C-A656-B9D35B8A0F3E}.Debug|x86.ActiveCfg = Debug|Any CPU
		{27E3BFFC-4412-4E4C-A656-B9D35B8A0F3E}.Debug|x86.Build.0 = Debug|Any CPU
		{27E3BFFC-4412-4E4C-A656-B9D35B8A0F3E}.Release|Any CPU.ActiveCfg = Release|Any CPU
		{27E3BFFC-4412-4E4C-A656-B9D35B8A0F3E}.Release|Any CPU.Build.0 = Release|Any CPU
		{27E3BFFC-4412-4E4C-A656-B9D35B8A0F3E}.Release|x64.ActiveCfg = Release|Any CPU
		{27E3BFFC-4412-4E4C-A656-B9D35B8A0F3E}.Release|x64.Build.0 = Release|Any CPU
		{27E3BFFC-4412-4E4C-A656-B9D35B8A0F3E}.Release|x86.ActiveCfg = Release|Any CPU
		{27E3BFFC-4412-4E4C-A656-B9D35B8A0F3E}.Release|x86.Build.0 = Release|Any CPU
		{644C4B4A-4A32-4307-9F71-C3BF901FFB66}.Debug|Any CPU.ActiveCfg = Debug|Any CPU
		{644C4B4A-4A32-4307-9F71-C3BF901FFB66}.Debug|Any CPU.Build.0 = Debug|Any CPU
		{644C4B4A-4A32-4307-9F71-C3BF901FFB66}.Debug|x64.ActiveCfg = Debug|Any CPU
		{644C4B4A-4A32-4307-9F71-C3BF901FFB66}.Debug|x64.Build.0 = Debug|Any CPU
		{644C4B4A-4A32-4307-9F71-C3BF901FFB66}.Debug|x86.ActiveCfg = Debug|Any CPU
		{644C4B4A-4A32-4307-9F71-C3BF901FFB66}.Debug|x86.Build.0 = Debug|Any CPU
		{644C4B4A-4A32-4307-9F71-C3BF901FFB66}.Release|Any CPU.ActiveCfg = Release|Any CPU
		{644C4B4A-4A32-4307-9F71-C3BF901FFB66}.Release|Any CPU.Build.0 = Release|Any CPU
		{644C4B4A-4A32-4307-9F71-C3BF901FFB66}.Release|x64.ActiveCfg = Release|Any CPU
		{644C4B4A-4A32-4307-9F71-C3BF901FFB66}.Release|x64.Build.0 = Release|Any CPU
		{644C4B4A-4A32-4307-9F71-C3BF901FFB66}.Release|x86.ActiveCfg = Release|Any CPU
		{644C4B4A-4A32-4307-9F71-C3BF901FFB66}.Release|x86.Build.0 = Release|Any CPU
	EndGlobalSection
	GlobalSection(SolutionProperties) = preSolution
		HideSolutionNode = FALSE
	EndGlobalSection
	GlobalSection(NestedProjects) = preSolution
		{0BE8E56E-7580-4526-BE24-D304E1779724} = {E5B1EC71-0FC4-4FAA-9C65-32D5016FBC45}
		{EEC30462-078F-45EB-AA70-12E3170CD51E} = {E5B1EC71-0FC4-4FAA-9C65-32D5016FBC45}
		{27E3BFFC-4412-4E4C-A656-B9D35B8A0F3E} = {E5B1EC71-0FC4-4FAA-9C65-32D5016FBC45}
		{644C4B4A-4A32-4307-9F71-C3BF901FFB66} = {E5B1EC71-0FC4-4FAA-9C65-32D5016FBC45}
	EndGlobalSection
	GlobalSection(ExtensibilityGlobals) = postSolution
		SolutionGuid = {5C159F93-800B-49E7-9905-EE09F8B8434A}
	EndGlobalSection
EndGlobal
