Microsoft Visual Studio Solution File, Format Version 12.00
# Visual Studio Version 16
VisualStudioVersion = 16.0.28407.52
MinimumVisualStudioVersion = 10.0.40219.1
Project("{2150E333-8FDC-42A3-9474-1A3956D46DE8}") = "build", "build", "{7742BAC0-4468-447F-930B-D263C60CBB56}"
	ProjectSection(SolutionItems) = preProject
		build\build.ps1 = build\build.ps1
		build\build.sh = build\build.sh
		build\cibuild.cmd = build\cibuild.cmd
		build\cibuild.sh = build\cibuild.sh
		build\NuGet.props = build\NuGet.props
		build\SignToolData.json = build\SignToolData.json
		build\Toolset.proj = build\Toolset.proj
		build\Versions.props = build\Versions.props
	EndProjectSection
EndProject
Project("{2150E333-8FDC-42A3-9474-1A3956D46DE8}") = "Solution Items", "Solution Items", "{5BBF2B6C-2655-4B53-A3FA-21A901662C0D}"
	ProjectSection(SolutionItems) = preProject
		.editorconfig = .editorconfig
		.gitattributes = .gitattributes
		.gitignore = .gitignore
		build.cmd = build.cmd
		build.sh = build.sh
		Directory.Build.props = Directory.Build.props
		Directory.Build.rsp = Directory.Build.rsp
		Directory.Build.targets = Directory.Build.targets
		global.json = global.json
		LICENSE.md = LICENSE.md
		README.md = README.md
		restore.cmd = restore.cmd
		restore.sh = restore.sh
		test.cmd = test.cmd
		test.sh = test.sh
	EndProjectSection
EndProject
Project("{2150E333-8FDC-42A3-9474-1A3956D46DE8}") = "src", "src", "{E5B1EC71-0FC4-4FAA-9C65-32D5016FBC45}"
	ProjectSection(SolutionItems) = preProject
		src\Directory.Build.props = src\Directory.Build.props
		src\Directory.Build.targets = src\Directory.Build.targets
	EndProjectSection
EndProject
Project("{9A19103F-16F7-4668-BE54-9A1E7A4F7556}") = "System.CommandLine", "src\System.CommandLine\System.CommandLine.csproj", "{0BE8E56E-7580-4526-BE24-D304E1779724}"
EndProject
Project("{9A19103F-16F7-4668-BE54-9A1E7A4F7556}") = "System.CommandLine.Tests", "src\System.CommandLine.Tests\System.CommandLine.Tests.csproj", "{F843CCCA-4CC9-422C-A881-3AE6A998B53F}"
EndProject
Project("{2150E333-8FDC-42A3-9474-1A3956D46DE8}") = "samples", "samples", "{6749FB3E-39DE-4321-A39E-525278E9408D}"
EndProject
Project("{9A19103F-16F7-4668-BE54-9A1E7A4F7556}") = "DragonFruit", "samples\DragonFruit\DragonFruit.csproj", "{8A592CB0-5FB9-4E70-A68A-BE5B5BE23C00}"
EndProject
Project("{9A19103F-16F7-4668-BE54-9A1E7A4F7556}") = "System.CommandLine.DragonFruit", "src\System.CommandLine.DragonFruit\System.CommandLine.DragonFruit.csproj", "{EEC30462-078F-45EB-AA70-12E3170CD51E}"
EndProject
Project("{9A19103F-16F7-4668-BE54-9A1E7A4F7556}") = "System.CommandLine.DragonFruit.Tests", "src\System.CommandLine.DragonFruit.Tests\System.CommandLine.DragonFruit.Tests.csproj", "{1F4B2074-F651-4A02-A860-7DDA74B2CC5F}"
EndProject
Project("{9A19103F-16F7-4668-BE54-9A1E7A4F7556}") = "dotnet-suggest", "src\System.CommandLine.Suggest\dotnet-suggest.csproj", "{E23C760E-B826-4B4F-BE76-916D86BAD2DB}"
EndProject
Project("{9A19103F-16F7-4668-BE54-9A1E7A4F7556}") = "dotnet-suggest.Tests", "src\System.CommandLine.Suggest.Tests\dotnet-suggest.Tests.csproj", "{E41F0471-B14D-4FA0-9D8B-1E7750695AE9}"
EndProject
Project("{9A19103F-16F7-4668-BE54-9A1E7A4F7556}") = "RenderingPlayground", "samples\RenderingPlayground\RenderingPlayground.csproj", "{8D9A8DCB-DC74-4B3A-B1C6-046C9C4F458E}"
EndProject
Project("{9A19103F-16F7-4668-BE54-9A1E7A4F7556}") = "DotnetMetal", "samples\DotnetMetal\DotnetMetal.csproj", "{83D71E95-B07E-423E-97BA-B15514C01E8B}"
EndProject
Project("{9A19103F-16F7-4668-BE54-9A1E7A4F7556}") = "System.CommandLine.Rendering", "src\System.CommandLine.Rendering\System.CommandLine.Rendering.csproj", "{27E3BFFC-4412-4E4C-A656-B9D35B8A0F3E}"
EndProject
Project("{9A19103F-16F7-4668-BE54-9A1E7A4F7556}") = "System.CommandLine.Rendering.Tests", "src\System.CommandLine.Rendering.Tests\System.CommandLine.Rendering.Tests.csproj", "{9E574595-A9CD-441A-9328-1D4DD5B531E8}"
EndProject
Global
	GlobalSection(SolutionConfigurationPlatforms) = preSolution
		Debug|Any CPU = Debug|Any CPU
		Debug|x64 = Debug|x64
		Debug|x86 = Debug|x86
		Release|Any CPU = Release|Any CPU
		Release|x64 = Release|x64
		Release|x86 = Release|x86
	EndGlobalSection
	GlobalSection(ProjectConfigurationPlatforms) = postSolution
		{0BE8E56E-7580-4526-BE24-D304E1779724}.Debug|Any CPU.ActiveCfg = Debug|Any CPU
		{0BE8E56E-7580-4526-BE24-D304E1779724}.Debug|Any CPU.Build.0 = Debug|Any CPU
		{0BE8E56E-7580-4526-BE24-D304E1779724}.Debug|x64.ActiveCfg = Debug|Any CPU
		{0BE8E56E-7580-4526-BE24-D304E1779724}.Debug|x64.Build.0 = Debug|Any CPU
		{0BE8E56E-7580-4526-BE24-D304E1779724}.Debug|x86.ActiveCfg = Debug|Any CPU
		{0BE8E56E-7580-4526-BE24-D304E1779724}.Debug|x86.Build.0 = Debug|Any CPU
		{0BE8E56E-7580-4526-BE24-D304E1779724}.Release|Any CPU.ActiveCfg = Release|Any CPU
		{0BE8E56E-7580-4526-BE24-D304E1779724}.Release|Any CPU.Build.0 = Release|Any CPU
		{0BE8E56E-7580-4526-BE24-D304E1779724}.Release|x64.ActiveCfg = Release|Any CPU
		{0BE8E56E-7580-4526-BE24-D304E1779724}.Release|x64.Build.0 = Release|Any CPU
		{0BE8E56E-7580-4526-BE24-D304E1779724}.Release|x86.ActiveCfg = Release|Any CPU
		{0BE8E56E-7580-4526-BE24-D304E1779724}.Release|x86.Build.0 = Release|Any CPU
		{F843CCCA-4CC9-422C-A881-3AE6A998B53F}.Debug|Any CPU.ActiveCfg = Debug|Any CPU
		{F843CCCA-4CC9-422C-A881-3AE6A998B53F}.Debug|Any CPU.Build.0 = Debug|Any CPU
		{F843CCCA-4CC9-422C-A881-3AE6A998B53F}.Debug|x64.ActiveCfg = Debug|Any CPU
		{F843CCCA-4CC9-422C-A881-3AE6A998B53F}.Debug|x64.Build.0 = Debug|Any CPU
		{F843CCCA-4CC9-422C-A881-3AE6A998B53F}.Debug|x86.ActiveCfg = Debug|Any CPU
		{F843CCCA-4CC9-422C-A881-3AE6A998B53F}.Debug|x86.Build.0 = Debug|Any CPU
		{F843CCCA-4CC9-422C-A881-3AE6A998B53F}.Release|Any CPU.ActiveCfg = Release|Any CPU
		{F843CCCA-4CC9-422C-A881-3AE6A998B53F}.Release|Any CPU.Build.0 = Release|Any CPU
		{F843CCCA-4CC9-422C-A881-3AE6A998B53F}.Release|x64.ActiveCfg = Release|Any CPU
		{F843CCCA-4CC9-422C-A881-3AE6A998B53F}.Release|x64.Build.0 = Release|Any CPU
		{F843CCCA-4CC9-422C-A881-3AE6A998B53F}.Release|x86.ActiveCfg = Release|Any CPU
		{F843CCCA-4CC9-422C-A881-3AE6A998B53F}.Release|x86.Build.0 = Release|Any CPU
		{8A592CB0-5FB9-4E70-A68A-BE5B5BE23C00}.Debug|Any CPU.ActiveCfg = Debug|Any CPU
		{8A592CB0-5FB9-4E70-A68A-BE5B5BE23C00}.Debug|Any CPU.Build.0 = Debug|Any CPU
		{8A592CB0-5FB9-4E70-A68A-BE5B5BE23C00}.Debug|x64.ActiveCfg = Debug|Any CPU
		{8A592CB0-5FB9-4E70-A68A-BE5B5BE23C00}.Debug|x64.Build.0 = Debug|Any CPU
		{8A592CB0-5FB9-4E70-A68A-BE5B5BE23C00}.Debug|x86.ActiveCfg = Debug|Any CPU
		{8A592CB0-5FB9-4E70-A68A-BE5B5BE23C00}.Debug|x86.Build.0 = Debug|Any CPU
		{8A592CB0-5FB9-4E70-A68A-BE5B5BE23C00}.Release|Any CPU.ActiveCfg = Release|Any CPU
		{8A592CB0-5FB9-4E70-A68A-BE5B5BE23C00}.Release|Any CPU.Build.0 = Release|Any CPU
		{8A592CB0-5FB9-4E70-A68A-BE5B5BE23C00}.Release|x64.ActiveCfg = Release|Any CPU
		{8A592CB0-5FB9-4E70-A68A-BE5B5BE23C00}.Release|x64.Build.0 = Release|Any CPU
		{8A592CB0-5FB9-4E70-A68A-BE5B5BE23C00}.Release|x86.ActiveCfg = Release|Any CPU
		{8A592CB0-5FB9-4E70-A68A-BE5B5BE23C00}.Release|x86.Build.0 = Release|Any CPU
		{EEC30462-078F-45EB-AA70-12E3170CD51E}.Debug|Any CPU.ActiveCfg = Debug|Any CPU
		{EEC30462-078F-45EB-AA70-12E3170CD51E}.Debug|Any CPU.Build.0 = Debug|Any CPU
		{EEC30462-078F-45EB-AA70-12E3170CD51E}.Debug|x64.ActiveCfg = Debug|Any CPU
		{EEC30462-078F-45EB-AA70-12E3170CD51E}.Debug|x64.Build.0 = Debug|Any CPU
		{EEC30462-078F-45EB-AA70-12E3170CD51E}.Debug|x86.ActiveCfg = Debug|Any CPU
		{EEC30462-078F-45EB-AA70-12E3170CD51E}.Debug|x86.Build.0 = Debug|Any CPU
		{EEC30462-078F-45EB-AA70-12E3170CD51E}.Release|Any CPU.ActiveCfg = Release|Any CPU
		{EEC30462-078F-45EB-AA70-12E3170CD51E}.Release|Any CPU.Build.0 = Release|Any CPU
		{EEC30462-078F-45EB-AA70-12E3170CD51E}.Release|x64.ActiveCfg = Release|Any CPU
		{EEC30462-078F-45EB-AA70-12E3170CD51E}.Release|x64.Build.0 = Release|Any CPU
		{EEC30462-078F-45EB-AA70-12E3170CD51E}.Release|x86.ActiveCfg = Release|Any CPU
		{EEC30462-078F-45EB-AA70-12E3170CD51E}.Release|x86.Build.0 = Release|Any CPU
		{1F4B2074-F651-4A02-A860-7DDA74B2CC5F}.Debug|Any CPU.ActiveCfg = Debug|Any CPU
		{1F4B2074-F651-4A02-A860-7DDA74B2CC5F}.Debug|Any CPU.Build.0 = Debug|Any CPU
		{1F4B2074-F651-4A02-A860-7DDA74B2CC5F}.Debug|x64.ActiveCfg = Debug|Any CPU
		{1F4B2074-F651-4A02-A860-7DDA74B2CC5F}.Debug|x64.Build.0 = Debug|Any CPU
		{1F4B2074-F651-4A02-A860-7DDA74B2CC5F}.Debug|x86.ActiveCfg = Debug|Any CPU
		{1F4B2074-F651-4A02-A860-7DDA74B2CC5F}.Debug|x86.Build.0 = Debug|Any CPU
		{1F4B2074-F651-4A02-A860-7DDA74B2CC5F}.Release|Any CPU.ActiveCfg = Release|Any CPU
		{1F4B2074-F651-4A02-A860-7DDA74B2CC5F}.Release|Any CPU.Build.0 = Release|Any CPU
		{1F4B2074-F651-4A02-A860-7DDA74B2CC5F}.Release|x64.ActiveCfg = Release|Any CPU
		{1F4B2074-F651-4A02-A860-7DDA74B2CC5F}.Release|x64.Build.0 = Release|Any CPU
		{1F4B2074-F651-4A02-A860-7DDA74B2CC5F}.Release|x86.ActiveCfg = Release|Any CPU
		{1F4B2074-F651-4A02-A860-7DDA74B2CC5F}.Release|x86.Build.0 = Release|Any CPU
		{E23C760E-B826-4B4F-BE76-916D86BAD2DB}.Debug|Any CPU.ActiveCfg = Debug|Any CPU
		{E23C760E-B826-4B4F-BE76-916D86BAD2DB}.Debug|Any CPU.Build.0 = Debug|Any CPU
		{E23C760E-B826-4B4F-BE76-916D86BAD2DB}.Debug|x64.ActiveCfg = Debug|Any CPU
		{E23C760E-B826-4B4F-BE76-916D86BAD2DB}.Debug|x64.Build.0 = Debug|Any CPU
		{E23C760E-B826-4B4F-BE76-916D86BAD2DB}.Debug|x86.ActiveCfg = Debug|Any CPU
		{E23C760E-B826-4B4F-BE76-916D86BAD2DB}.Debug|x86.Build.0 = Debug|Any CPU
		{E23C760E-B826-4B4F-BE76-916D86BAD2DB}.Release|Any CPU.ActiveCfg = Release|Any CPU
		{E23C760E-B826-4B4F-BE76-916D86BAD2DB}.Release|Any CPU.Build.0 = Release|Any CPU
		{E23C760E-B826-4B4F-BE76-916D86BAD2DB}.Release|x64.ActiveCfg = Release|Any CPU
		{E23C760E-B826-4B4F-BE76-916D86BAD2DB}.Release|x64.Build.0 = Release|Any CPU
		{E23C760E-B826-4B4F-BE76-916D86BAD2DB}.Release|x86.ActiveCfg = Release|Any CPU
		{E23C760E-B826-4B4F-BE76-916D86BAD2DB}.Release|x86.Build.0 = Release|Any CPU
		{E41F0471-B14D-4FA0-9D8B-1E7750695AE9}.Debug|Any CPU.ActiveCfg = Debug|Any CPU
		{E41F0471-B14D-4FA0-9D8B-1E7750695AE9}.Debug|Any CPU.Build.0 = Debug|Any CPU
		{E41F0471-B14D-4FA0-9D8B-1E7750695AE9}.Debug|x64.ActiveCfg = Debug|Any CPU
		{E41F0471-B14D-4FA0-9D8B-1E7750695AE9}.Debug|x64.Build.0 = Debug|Any CPU
		{E41F0471-B14D-4FA0-9D8B-1E7750695AE9}.Debug|x86.ActiveCfg = Debug|Any CPU
		{E41F0471-B14D-4FA0-9D8B-1E7750695AE9}.Debug|x86.Build.0 = Debug|Any CPU
		{E41F0471-B14D-4FA0-9D8B-1E7750695AE9}.Release|Any CPU.ActiveCfg = Release|Any CPU
		{E41F0471-B14D-4FA0-9D8B-1E7750695AE9}.Release|Any CPU.Build.0 = Release|Any CPU
		{E41F0471-B14D-4FA0-9D8B-1E7750695AE9}.Release|x64.ActiveCfg = Release|Any CPU
		{E41F0471-B14D-4FA0-9D8B-1E7750695AE9}.Release|x64.Build.0 = Release|Any CPU
		{E41F0471-B14D-4FA0-9D8B-1E7750695AE9}.Release|x86.ActiveCfg = Release|Any CPU
		{E41F0471-B14D-4FA0-9D8B-1E7750695AE9}.Release|x86.Build.0 = Release|Any CPU
		{8D9A8DCB-DC74-4B3A-B1C6-046C9C4F458E}.Debug|Any CPU.ActiveCfg = Debug|Any CPU
		{8D9A8DCB-DC74-4B3A-B1C6-046C9C4F458E}.Debug|Any CPU.Build.0 = Debug|Any CPU
		{8D9A8DCB-DC74-4B3A-B1C6-046C9C4F458E}.Debug|x64.ActiveCfg = Debug|Any CPU
		{8D9A8DCB-DC74-4B3A-B1C6-046C9C4F458E}.Debug|x64.Build.0 = Debug|Any CPU
		{8D9A8DCB-DC74-4B3A-B1C6-046C9C4F458E}.Debug|x86.ActiveCfg = Debug|Any CPU
		{8D9A8DCB-DC74-4B3A-B1C6-046C9C4F458E}.Debug|x86.Build.0 = Debug|Any CPU
		{8D9A8DCB-DC74-4B3A-B1C6-046C9C4F458E}.Release|Any CPU.ActiveCfg = Release|Any CPU
		{8D9A8DCB-DC74-4B3A-B1C6-046C9C4F458E}.Release|Any CPU.Build.0 = Release|Any CPU
		{8D9A8DCB-DC74-4B3A-B1C6-046C9C4F458E}.Release|x64.ActiveCfg = Release|Any CPU
		{8D9A8DCB-DC74-4B3A-B1C6-046C9C4F458E}.Release|x64.Build.0 = Release|Any CPU
		{8D9A8DCB-DC74-4B3A-B1C6-046C9C4F458E}.Release|x86.ActiveCfg = Release|Any CPU
		{8D9A8DCB-DC74-4B3A-B1C6-046C9C4F458E}.Release|x86.Build.0 = Release|Any CPU
		{83D71E95-B07E-423E-97BA-B15514C01E8B}.Debug|Any CPU.ActiveCfg = Debug|Any CPU
		{83D71E95-B07E-423E-97BA-B15514C01E8B}.Debug|Any CPU.Build.0 = Debug|Any CPU
		{83D71E95-B07E-423E-97BA-B15514C01E8B}.Debug|x64.ActiveCfg = Debug|Any CPU
		{83D71E95-B07E-423E-97BA-B15514C01E8B}.Debug|x64.Build.0 = Debug|Any CPU
		{83D71E95-B07E-423E-97BA-B15514C01E8B}.Debug|x86.ActiveCfg = Debug|Any CPU
		{83D71E95-B07E-423E-97BA-B15514C01E8B}.Debug|x86.Build.0 = Debug|Any CPU
		{83D71E95-B07E-423E-97BA-B15514C01E8B}.Release|Any CPU.ActiveCfg = Release|Any CPU
		{83D71E95-B07E-423E-97BA-B15514C01E8B}.Release|Any CPU.Build.0 = Release|Any CPU
		{83D71E95-B07E-423E-97BA-B15514C01E8B}.Release|x64.ActiveCfg = Release|Any CPU
		{83D71E95-B07E-423E-97BA-B15514C01E8B}.Release|x64.Build.0 = Release|Any CPU
		{83D71E95-B07E-423E-97BA-B15514C01E8B}.Release|x86.ActiveCfg = Release|Any CPU
		{83D71E95-B07E-423E-97BA-B15514C01E8B}.Release|x86.Build.0 = Release|Any CPU
		{27E3BFFC-4412-4E4C-A656-B9D35B8A0F3E}.Debug|Any CPU.ActiveCfg = Debug|Any CPU
		{27E3BFFC-4412-4E4C-A656-B9D35B8A0F3E}.Debug|Any CPU.Build.0 = Debug|Any CPU
		{27E3BFFC-4412-4E4C-A656-B9D35B8A0F3E}.Debug|x64.ActiveCfg = Debug|Any CPU
		{27E3BFFC-4412-4E4C-A656-B9D35B8A0F3E}.Debug|x64.Build.0 = Debug|Any CPU
		{27E3BFFC-4412-4E4C-A656-B9D35B8A0F3E}.Debug|x86.ActiveCfg = Debug|Any CPU
		{27E3BFFC-4412-4E4C-A656-B9D35B8A0F3E}.Debug|x86.Build.0 = Debug|Any CPU
		{27E3BFFC-4412-4E4C-A656-B9D35B8A0F3E}.Release|Any CPU.ActiveCfg = Release|Any CPU
		{27E3BFFC-4412-4E4C-A656-B9D35B8A0F3E}.Release|Any CPU.Build.0 = Release|Any CPU
		{27E3BFFC-4412-4E4C-A656-B9D35B8A0F3E}.Release|x64.ActiveCfg = Release|Any CPU
		{27E3BFFC-4412-4E4C-A656-B9D35B8A0F3E}.Release|x64.Build.0 = Release|Any CPU
		{27E3BFFC-4412-4E4C-A656-B9D35B8A0F3E}.Release|x86.ActiveCfg = Release|Any CPU
		{27E3BFFC-4412-4E4C-A656-B9D35B8A0F3E}.Release|x86.Build.0 = Release|Any CPU
		{9E574595-A9CD-441A-9328-1D4DD5B531E8}.Debug|Any CPU.ActiveCfg = Debug|Any CPU
		{9E574595-A9CD-441A-9328-1D4DD5B531E8}.Debug|Any CPU.Build.0 = Debug|Any CPU
		{9E574595-A9CD-441A-9328-1D4DD5B531E8}.Debug|x64.ActiveCfg = Debug|Any CPU
		{9E574595-A9CD-441A-9328-1D4DD5B531E8}.Debug|x64.Build.0 = Debug|Any CPU
		{9E574595-A9CD-441A-9328-1D4DD5B531E8}.Debug|x86.ActiveCfg = Debug|Any CPU
		{9E574595-A9CD-441A-9328-1D4DD5B531E8}.Debug|x86.Build.0 = Debug|Any CPU
		{9E574595-A9CD-441A-9328-1D4DD5B531E8}.Release|Any CPU.ActiveCfg = Release|Any CPU
		{9E574595-A9CD-441A-9328-1D4DD5B531E8}.Release|Any CPU.Build.0 = Release|Any CPU
		{9E574595-A9CD-441A-9328-1D4DD5B531E8}.Release|x64.ActiveCfg = Release|Any CPU
		{9E574595-A9CD-441A-9328-1D4DD5B531E8}.Release|x64.Build.0 = Release|Any CPU
		{9E574595-A9CD-441A-9328-1D4DD5B531E8}.Release|x86.ActiveCfg = Release|Any CPU
		{9E574595-A9CD-441A-9328-1D4DD5B531E8}.Release|x86.Build.0 = Release|Any CPU
	EndGlobalSection
	GlobalSection(SolutionProperties) = preSolution
		HideSolutionNode = FALSE
	EndGlobalSection
	GlobalSection(NestedProjects) = preSolution
		{0BE8E56E-7580-4526-BE24-D304E1779724} = {E5B1EC71-0FC4-4FAA-9C65-32D5016FBC45}
		{F843CCCA-4CC9-422C-A881-3AE6A998B53F} = {E5B1EC71-0FC4-4FAA-9C65-32D5016FBC45}
		{8A592CB0-5FB9-4E70-A68A-BE5B5BE23C00} = {6749FB3E-39DE-4321-A39E-525278E9408D}
		{EEC30462-078F-45EB-AA70-12E3170CD51E} = {E5B1EC71-0FC4-4FAA-9C65-32D5016FBC45}
		{1F4B2074-F651-4A02-A860-7DDA74B2CC5F} = {E5B1EC71-0FC4-4FAA-9C65-32D5016FBC45}
		{E23C760E-B826-4B4F-BE76-916D86BAD2DB} = {E5B1EC71-0FC4-4FAA-9C65-32D5016FBC45}
		{E41F0471-B14D-4FA0-9D8B-1E7750695AE9} = {E5B1EC71-0FC4-4FAA-9C65-32D5016FBC45}
		{8D9A8DCB-DC74-4B3A-B1C6-046C9C4F458E} = {6749FB3E-39DE-4321-A39E-525278E9408D}
		{83D71E95-B07E-423E-97BA-B15514C01E8B} = {6749FB3E-39DE-4321-A39E-525278E9408D}
		{27E3BFFC-4412-4E4C-A656-B9D35B8A0F3E} = {E5B1EC71-0FC4-4FAA-9C65-32D5016FBC45}
		{9E574595-A9CD-441A-9328-1D4DD5B531E8} = {E5B1EC71-0FC4-4FAA-9C65-32D5016FBC45}
	EndGlobalSection
	GlobalSection(ExtensibilityGlobals) = postSolution
		SolutionGuid = {5C159F93-800B-49E7-9905-EE09F8B8434A}
	EndGlobalSection
EndGlobal
