Microsoft Visual Studio Solution File, Format Version 12.00
# Visual Studio Version 17
VisualStudioVersion = 17.5.2.0
MinimumVisualStudioVersion = 10.0.40219.1
Project("{FAE04EC0-301F-11D3-BF4B-00C04F79EFBC}") = "System.CommandLine", "System.CommandLine.csproj", "{CE3D4493-BFD2-2940-DF44-9021C8241306}"
EndProject
Global
	GlobalSection(SolutionConfigurationPlatforms) = preSolution
		Debug|Any CPU = Debug|Any CPU
		Release|Any CPU = Release|Any CPU
	EndGlobalSection
	GlobalSection(ProjectConfigurationPlatforms) = postSolution
		{CE3D4493-BFD2-2940-DF44-9021C8241306}.Debug|Any CPU.ActiveCfg = Debug|Any CPU
		{CE3D4493-BFD2-2940-DF44-9021C8241306}.Debug|Any CPU.Build.0 = Debug|Any CPU
		{CE3D4493-BFD2-2940-DF44-9021C8241306}.Release|Any CPU.ActiveCfg = Release|Any CPU
		{CE3D4493-BFD2-2940-DF44-9021C8241306}.Release|Any CPU.Build.0 = Release|Any CPU
	EndGlobalSection
	GlobalSection(SolutionProperties) = preSolution
		HideSolutionNode = FALSE
	EndGlobalSection
	GlobalSection(ExtensibilityGlobals) = postSolution
		SolutionGuid = {9E85227C-3755-4CD8-9225-E9592EF59391}
	EndGlobalSection
EndGlobal
